
Microsoft Visual Studio Solution File, Format Version 12.00
# Visual Studio Version 17
VisualStudioVersion = 17.10.35013.160
MinimumVisualStudioVersion = 10.0.40219.1
Project("{9A19103F-16F7-4668-BE54-9A1E7A4F7556}") = "Mypethere.User.Infrastructure", "Mypethere.User.Repository\Mypethere.User.Infrastructure.csproj", "{2AF68A57-A891-4CEA-B4F4-7B6A6A64202F}"
EndProject
Project("{9A19103F-16F7-4668-BE54-9A1E7A4F7556}") = "Mypethere.User.Domain", "Mypethere.User.Domain\Mypethere.User.Domain.csproj", "{2D729FF9-C80E-4975-93A0-F59420C72811}"
EndProject
Project("{9A19103F-16F7-4668-BE54-9A1E7A4F7556}") = "Mypethere.User.Application", "Mypethere.Application\Mypethere.User.Application.csproj", "{96584353-7A98-4260-9150-DE94555FC463}"
EndProject
Project("{9A19103F-16F7-4668-BE54-9A1E7A4F7556}") = "Mypethere.Web.Api", "Mypethere.Web.Api\Mypethere.Web.Api.csproj", "{F93D8081-2E93-4D54-BC6C-0B021031BCD3}"
EndProject
Project("{9A19103F-16F7-4668-BE54-9A1E7A4F7556}") = "MyPethere.User.CrossCutting.Ioc", "MyPethere.User.CrossCutting.Ioc\MyPethere.User.CrossCutting.Ioc.csproj", "{943B12C6-91A6-4192-A9AC-0D5ECA6AA781}"
EndProject
Project("{9A19103F-16F7-4668-BE54-9A1E7A4F7556}") = "MyPethere.User.CrossCutting", "MyPethere.User.CrossCutting\MyPethere.User.CrossCutting.csproj", "{24DD09EC-3C9A-47AC-9A3B-703FE064B273}"
EndProject
Project("{2150E333-8FDC-42A3-9474-1A3956D46DE8}") = "docker", "docker", "{E237AE05-3F1E-40DB-8BB4-4D6FF5009515}"
	ProjectSection(SolutionItems) = preProject
		docker-compose.yml = docker-compose.yml
	EndProjectSection
EndProject
Global
	GlobalSection(SolutionConfigurationPlatforms) = preSolution
		Debug|Any CPU = Debug|Any CPU
		Release|Any CPU = Release|Any CPU
	EndGlobalSection
	GlobalSection(ProjectConfigurationPlatforms) = postSolution
		{2AF68A57-A891-4CEA-B4F4-7B6A6A64202F}.Debug|Any CPU.ActiveCfg = Debug|Any CPU
		{2AF68A57-A891-4CEA-B4F4-7B6A6A64202F}.Debug|Any CPU.Build.0 = Debug|Any CPU
		{2AF68A57-A891-4CEA-B4F4-7B6A6A64202F}.Release|Any CPU.ActiveCfg = Release|Any CPU
		{2AF68A57-A891-4CEA-B4F4-7B6A6A64202F}.Release|Any CPU.Build.0 = Release|Any CPU
		{2D729FF9-C80E-4975-93A0-F59420C72811}.Debug|Any CPU.ActiveCfg = Debug|Any CPU
		{2D729FF9-C80E-4975-93A0-F59420C72811}.Debug|Any CPU.Build.0 = Debug|Any CPU
		{2D729FF9-C80E-4975-93A0-F59420C72811}.Release|Any CPU.ActiveCfg = Release|Any CPU
		{2D729FF9-C80E-4975-93A0-F59420C72811}.Release|Any CPU.Build.0 = Release|Any CPU
		{96584353-7A98-4260-9150-DE94555FC463}.Debug|Any CPU.ActiveCfg = Debug|Any CPU
		{96584353-7A98-4260-9150-DE94555FC463}.Debug|Any CPU.Build.0 = Debug|Any CPU
		{96584353-7A98-4260-9150-DE94555FC463}.Release|Any CPU.ActiveCfg = Release|Any CPU
		{96584353-7A98-4260-9150-DE94555FC463}.Release|Any CPU.Build.0 = Release|Any CPU
		{F93D8081-2E93-4D54-BC6C-0B021031BCD3}.Debug|Any CPU.ActiveCfg = Debug|Any CPU
		{F93D8081-2E93-4D54-BC6C-0B021031BCD3}.Debug|Any CPU.Build.0 = Debug|Any CPU
		{F93D8081-2E93-4D54-BC6C-0B021031BCD3}.Release|Any CPU.ActiveCfg = Release|Any CPU
		{F93D8081-2E93-4D54-BC6C-0B021031BCD3}.Release|Any CPU.Build.0 = Release|Any CPU
		{943B12C6-91A6-4192-A9AC-0D5ECA6AA781}.Debug|Any CPU.ActiveCfg = Debug|Any CPU
		{943B12C6-91A6-4192-A9AC-0D5ECA6AA781}.Debug|Any CPU.Build.0 = Debug|Any CPU
		{943B12C6-91A6-4192-A9AC-0D5ECA6AA781}.Release|Any CPU.ActiveCfg = Release|Any CPU
		{943B12C6-91A6-4192-A9AC-0D5ECA6AA781}.Release|Any CPU.Build.0 = Release|Any CPU
		{24DD09EC-3C9A-47AC-9A3B-703FE064B273}.Debug|Any CPU.ActiveCfg = Debug|Any CPU
		{24DD09EC-3C9A-47AC-9A3B-703FE064B273}.Debug|Any CPU.Build.0 = Debug|Any CPU
		{24DD09EC-3C9A-47AC-9A3B-703FE064B273}.Release|Any CPU.ActiveCfg = Release|Any CPU
		{24DD09EC-3C9A-47AC-9A3B-703FE064B273}.Release|Any CPU.Build.0 = Release|Any CPU
	EndGlobalSection
	GlobalSection(SolutionProperties) = preSolution
		HideSolutionNode = FALSE
	EndGlobalSection
	GlobalSection(ExtensibilityGlobals) = postSolution
		SolutionGuid = {F85EC98B-51DE-4590-9E70-35A914393D38}
	EndGlobalSection
EndGlobal
